
Microsoft Visual Studio Solution File, Format Version 12.00
# Visual Studio Version 17
VisualStudioVersion = 17.13.36105.23
MinimumVisualStudioVersion = 10.0.40219.1
Project("{2150E333-8FDC-42A3-9474-1A3956D46DE8}") = "Presentation", "Presentation", "{02EA681E-C7D8-13C7-8484-4AC65E1B71E8}"
EndProject
Project("{FAE04EC0-301F-11D3-BF4B-00C04F79EFBC}") = "Q10.StudentManagement.Web", "Q10.StudentManagement.Web\Q10.StudentManagement.Web.csproj", "{456108BB-C9D6-4E83-840F-75E4FFF6CFEC}"
EndProject
Project("{2150E333-8FDC-42A3-9474-1A3956D46DE8}") = "Api", "Api", "{A0E2335C-BE61-48F4-8A5C-D0AE7ED267A7}"
EndProject
Project("{FAE04EC0-301F-11D3-BF4B-00C04F79EFBC}") = "Q10.StudentManagement.Api", "Q10.StudentManagement.Api\Q10.StudentManagement.Api.csproj", "{2CAF6C07-84A4-4209-B09D-C81B3EDE19F6}"
EndProject
Project("{2150E333-8FDC-42A3-9474-1A3956D46DE8}") = "Student.Api", "Student.Api", "{1208504E-983B-40CA-B523-3D3B1CF20864}"
EndProject
Project("{FAE04EC0-301F-11D3-BF4B-00C04F79EFBC}") = "Q10.StudentManagement.Student.Domain", "Q10.StudentManagement.Student.Domain\Q10.StudentManagement.Student.Domain.csproj", "{23C06241-828E-42C6-AC7A-55C6D1A2FE50}"
EndProject
Project("{FAE04EC0-301F-11D3-BF4B-00C04F79EFBC}") = "Q10.StudentManagement.Student.Infrastructure", "Q10.StudentManagement.Student.Infrastructure\Q10.StudentManagement.Student.Infrastructure.csproj", "{00A1AB6C-7B65-4A8A-A270-D93FF6AF5017}"
EndProject
Project("{FAE04EC0-301F-11D3-BF4B-00C04F79EFBC}") = "Q10.StudentManagement.Student.Application", "Q10.StudentManagement.Student.Application\Q10.StudentManagement.Student.Application.csproj", "{122F306E-44D5-42E6-BC37-0FD9C9EA86B5}"
EndProject
Project("{2150E333-8FDC-42A3-9474-1A3956D46DE8}") = "Enrollment.Api", "Enrollment.Api", "{A122FF70-1DF2-41A1-B01E-0CDDD61C493B}"
EndProject
Project("{FAE04EC0-301F-11D3-BF4B-00C04F79EFBC}") = "Q10.StudentManagement.Enrollment.Application", "Q10.StudentManagement.Enrollment.Application\Q10.StudentManagement.Enrollment.Application.csproj", "{050D289F-424E-45BC-8B64-E76705B53FAF}"
EndProject
Project("{FAE04EC0-301F-11D3-BF4B-00C04F79EFBC}") = "Q10.StudentManagement.Enrollment.Domain", "Q10.StudentManagement.Enrollment.Domain\Q10.StudentManagement.Enrollment.Domain.csproj", "{606E6763-C014-4F76-8425-59A320DE9834}"
EndProject
Project("{FAE04EC0-301F-11D3-BF4B-00C04F79EFBC}") = "Q10.StudentManagement.Enrollment.Infrastructure", "Q10.StudentManagement.Enrollment.Infrastructure\Q10.StudentManagement.Enrollment.Infrastructure.csproj", "{18058BDB-150E-4C33-8EBC-1E81B06F38FE}"
EndProject
Project("{2150E333-8FDC-42A3-9474-1A3956D46DE8}") = "Subject.Api", "Subject.Api", "{804ED922-8E39-4214-8128-1A7239F82A57}"
EndProject
Project("{FAE04EC0-301F-11D3-BF4B-00C04F79EFBC}") = "Q10.StudentManagement.Subject.Application", "Q10.StudentManagement.Subject.Application\Q10.StudentManagement.Subject.Application.csproj", "{7B0415E6-525B-41FC-896E-C7F65D193F53}"
EndProject
Project("{FAE04EC0-301F-11D3-BF4B-00C04F79EFBC}") = "Q10.StudentManagement.Subject.Domain", "Q10.StudentManagement.Subject.Domain\Q10.StudentManagement.Subject.Domain.csproj", "{597ACDA9-EA4E-45FC-A9A7-BAC64A4B8D6C}"
EndProject
Project("{FAE04EC0-301F-11D3-BF4B-00C04F79EFBC}") = "Q10.StudentManagement.Subject.Infrastructure", "Q10.StudentManagement.Subject.Infrastructure\Q10.StudentManagement.Subject.Infrastructure.csproj", "{C9249E20-AC91-40AA-835E-F149E083B357}"
EndProject
Project("{2150E333-8FDC-42A3-9474-1A3956D46DE8}") = "Subject.Test", "Subject.Test", "{8F2F9287-EEA2-49F6-94B7-9789A7456EA6}"
EndProject
Project("{FAE04EC0-301F-11D3-BF4B-00C04F79EFBC}") = "Q10.StudentManagement.Subject.Aplication.UnitTests", "Q10.StudentManagement.Subject.Aplication.UnitTests\Q10.StudentManagement.Subject.Aplication.UnitTests.csproj", "{BB7F0779-D3C7-4D16-84A1-530D3E6FC4FA}"
EndProject
Global
	GlobalSection(SolutionConfigurationPlatforms) = preSolution
		Debug|Any CPU = Debug|Any CPU
		Release|Any CPU = Release|Any CPU
	EndGlobalSection
	GlobalSection(ProjectConfigurationPlatforms) = postSolution
		{456108BB-C9D6-4E83-840F-75E4FFF6CFEC}.Debug|Any CPU.ActiveCfg = Debug|Any CPU
		{456108BB-C9D6-4E83-840F-75E4FFF6CFEC}.Debug|Any CPU.Build.0 = Debug|Any CPU
		{456108BB-C9D6-4E83-840F-75E4FFF6CFEC}.Release|Any CPU.ActiveCfg = Release|Any CPU
		{456108BB-C9D6-4E83-840F-75E4FFF6CFEC}.Release|Any CPU.Build.0 = Release|Any CPU
		{2CAF6C07-84A4-4209-B09D-C81B3EDE19F6}.Debug|Any CPU.ActiveCfg = Debug|Any CPU
		{2CAF6C07-84A4-4209-B09D-C81B3EDE19F6}.Debug|Any CPU.Build.0 = Debug|Any CPU
		{2CAF6C07-84A4-4209-B09D-C81B3EDE19F6}.Release|Any CPU.ActiveCfg = Release|Any CPU
		{2CAF6C07-84A4-4209-B09D-C81B3EDE19F6}.Release|Any CPU.Build.0 = Release|Any CPU
		{23C06241-828E-42C6-AC7A-55C6D1A2FE50}.Debug|Any CPU.ActiveCfg = Debug|Any CPU
		{23C06241-828E-42C6-AC7A-55C6D1A2FE50}.Debug|Any CPU.Build.0 = Debug|Any CPU
		{23C06241-828E-42C6-AC7A-55C6D1A2FE50}.Release|Any CPU.ActiveCfg = Release|Any CPU
		{23C06241-828E-42C6-AC7A-55C6D1A2FE50}.Release|Any CPU.Build.0 = Release|Any CPU
		{00A1AB6C-7B65-4A8A-A270-D93FF6AF5017}.Debug|Any CPU.ActiveCfg = Debug|Any CPU
		{00A1AB6C-7B65-4A8A-A270-D93FF6AF5017}.Debug|Any CPU.Build.0 = Debug|Any CPU
		{00A1AB6C-7B65-4A8A-A270-D93FF6AF5017}.Release|Any CPU.ActiveCfg = Release|Any CPU
		{00A1AB6C-7B65-4A8A-A270-D93FF6AF5017}.Release|Any CPU.Build.0 = Release|Any CPU
		{122F306E-44D5-42E6-BC37-0FD9C9EA86B5}.Debug|Any CPU.ActiveCfg = Debug|Any CPU
		{122F306E-44D5-42E6-BC37-0FD9C9EA86B5}.Debug|Any CPU.Build.0 = Debug|Any CPU
		{122F306E-44D5-42E6-BC37-0FD9C9EA86B5}.Release|Any CPU.ActiveCfg = Release|Any CPU
		{122F306E-44D5-42E6-BC37-0FD9C9EA86B5}.Release|Any CPU.Build.0 = Release|Any CPU
		{050D289F-424E-45BC-8B64-E76705B53FAF}.Debug|Any CPU.ActiveCfg = Debug|Any CPU
		{050D289F-424E-45BC-8B64-E76705B53FAF}.Debug|Any CPU.Build.0 = Debug|Any CPU
		{050D289F-424E-45BC-8B64-E76705B53FAF}.Release|Any CPU.ActiveCfg = Release|Any CPU
		{050D289F-424E-45BC-8B64-E76705B53FAF}.Release|Any CPU.Build.0 = Release|Any CPU
		{606E6763-C014-4F76-8425-59A320DE9834}.Debug|Any CPU.ActiveCfg = Debug|Any CPU
		{606E6763-C014-4F76-8425-59A320DE9834}.Debug|Any CPU.Build.0 = Debug|Any CPU
		{606E6763-C014-4F76-8425-59A320DE9834}.Release|Any CPU.ActiveCfg = Release|Any CPU
		{606E6763-C014-4F76-8425-59A320DE9834}.Release|Any CPU.Build.0 = Release|Any CPU
		{18058BDB-150E-4C33-8EBC-1E81B06F38FE}.Debug|Any CPU.ActiveCfg = Debug|Any CPU
		{18058BDB-150E-4C33-8EBC-1E81B06F38FE}.Debug|Any CPU.Build.0 = Debug|Any CPU
		{18058BDB-150E-4C33-8EBC-1E81B06F38FE}.Release|Any CPU.ActiveCfg = Release|Any CPU
		{18058BDB-150E-4C33-8EBC-1E81B06F38FE}.Release|Any CPU.Build.0 = Release|Any CPU
		{7B0415E6-525B-41FC-896E-C7F65D193F53}.Debug|Any CPU.ActiveCfg = Debug|Any CPU
		{7B0415E6-525B-41FC-896E-C7F65D193F53}.Debug|Any CPU.Build.0 = Debug|Any CPU
		{7B0415E6-525B-41FC-896E-C7F65D193F53}.Release|Any CPU.ActiveCfg = Release|Any CPU
		{7B0415E6-525B-41FC-896E-C7F65D193F53}.Release|Any CPU.Build.0 = Release|Any CPU
		{597ACDA9-EA4E-45FC-A9A7-BAC64A4B8D6C}.Debug|Any CPU.ActiveCfg = Debug|Any CPU
		{597ACDA9-EA4E-45FC-A9A7-BAC64A4B8D6C}.Debug|Any CPU.Build.0 = Debug|Any CPU
		{597ACDA9-EA4E-45FC-A9A7-BAC64A4B8D6C}.Release|Any CPU.ActiveCfg = Release|Any CPU
		{597ACDA9-EA4E-45FC-A9A7-BAC64A4B8D6C}.Release|Any CPU.Build.0 = Release|Any CPU
		{C9249E20-AC91-40AA-835E-F149E083B357}.Debug|Any CPU.ActiveCfg = Debug|Any CPU
		{C9249E20-AC91-40AA-835E-F149E083B357}.Debug|Any CPU.Build.0 = Debug|Any CPU
		{C9249E20-AC91-40AA-835E-F149E083B357}.Release|Any CPU.ActiveCfg = Release|Any CPU
		{C9249E20-AC91-40AA-835E-F149E083B357}.Release|Any CPU.Build.0 = Release|Any CPU
		{BB7F0779-D3C7-4D16-84A1-530D3E6FC4FA}.Debug|Any CPU.ActiveCfg = Debug|Any CPU
		{BB7F0779-D3C7-4D16-84A1-530D3E6FC4FA}.Debug|Any CPU.Build.0 = Debug|Any CPU
		{BB7F0779-D3C7-4D16-84A1-530D3E6FC4FA}.Release|Any CPU.ActiveCfg = Release|Any CPU
		{BB7F0779-D3C7-4D16-84A1-530D3E6FC4FA}.Release|Any CPU.Build.0 = Release|Any CPU
	EndGlobalSection
	GlobalSection(SolutionProperties) = preSolution
		HideSolutionNode = FALSE
	EndGlobalSection
	GlobalSection(NestedProjects) = preSolution
		{456108BB-C9D6-4E83-840F-75E4FFF6CFEC} = {02EA681E-C7D8-13C7-8484-4AC65E1B71E8}
		{2CAF6C07-84A4-4209-B09D-C81B3EDE19F6} = {A0E2335C-BE61-48F4-8A5C-D0AE7ED267A7}
		{1208504E-983B-40CA-B523-3D3B1CF20864} = {A0E2335C-BE61-48F4-8A5C-D0AE7ED267A7}
		{23C06241-828E-42C6-AC7A-55C6D1A2FE50} = {1208504E-983B-40CA-B523-3D3B1CF20864}
		{00A1AB6C-7B65-4A8A-A270-D93FF6AF5017} = {1208504E-983B-40CA-B523-3D3B1CF20864}
		{122F306E-44D5-42E6-BC37-0FD9C9EA86B5} = {1208504E-983B-40CA-B523-3D3B1CF20864}
		{A122FF70-1DF2-41A1-B01E-0CDDD61C493B} = {A0E2335C-BE61-48F4-8A5C-D0AE7ED267A7}
		{050D289F-424E-45BC-8B64-E76705B53FAF} = {A122FF70-1DF2-41A1-B01E-0CDDD61C493B}
		{606E6763-C014-4F76-8425-59A320DE9834} = {A122FF70-1DF2-41A1-B01E-0CDDD61C493B}
		{18058BDB-150E-4C33-8EBC-1E81B06F38FE} = {A122FF70-1DF2-41A1-B01E-0CDDD61C493B}
		{804ED922-8E39-4214-8128-1A7239F82A57} = {A0E2335C-BE61-48F4-8A5C-D0AE7ED267A7}
		{7B0415E6-525B-41FC-896E-C7F65D193F53} = {804ED922-8E39-4214-8128-1A7239F82A57}
		{597ACDA9-EA4E-45FC-A9A7-BAC64A4B8D6C} = {804ED922-8E39-4214-8128-1A7239F82A57}
		{C9249E20-AC91-40AA-835E-F149E083B357} = {804ED922-8E39-4214-8128-1A7239F82A57}
		{8F2F9287-EEA2-49F6-94B7-9789A7456EA6} = {804ED922-8E39-4214-8128-1A7239F82A57}
		{BB7F0779-D3C7-4D16-84A1-530D3E6FC4FA} = {8F2F9287-EEA2-49F6-94B7-9789A7456EA6}
	EndGlobalSection
	GlobalSection(ExtensibilityGlobals) = postSolution
		SolutionGuid = {DFEF5DE2-1355-4247-B401-EE0718BA9AB4}
	EndGlobalSection
EndGlobal
