
Microsoft Visual Studio Solution File, Format Version 12.00
# Visual Studio Version 17
VisualStudioVersion = 17.13.36105.23 d17.13
MinimumVisualStudioVersion = 10.0.40219.1
Project("{FAE04EC0-301F-11D3-BF4B-00C04F79EFBC}") = "Q10.StudentManagement.Web", "Q10.StudentManagement.Web\Q10.StudentManagement.Web.csproj", "{ACBDB8BC-369D-4598-A644-31C6C5DD2548}"
EndProject
Global
	GlobalSection(SolutionConfigurationPlatforms) = preSolution
		Debug|Any CPU = Debug|Any CPU
		Release|Any CPU = Release|Any CPU
	EndGlobalSection
	GlobalSection(ProjectConfigurationPlatforms) = postSolution
		{ACBDB8BC-369D-4598-A644-31C6C5DD2548}.Debug|Any CPU.ActiveCfg = Debug|Any CPU
		{ACBDB8BC-369D-4598-A644-31C6C5DD2548}.Debug|Any CPU.Build.0 = Debug|Any CPU
		{ACBDB8BC-369D-4598-A644-31C6C5DD2548}.Release|Any CPU.ActiveCfg = Release|Any CPU
		{ACBDB8BC-369D-4598-A644-31C6C5DD2548}.Release|Any CPU.Build.0 = Release|Any CPU
	EndGlobalSection
	GlobalSection(SolutionProperties) = preSolution
		HideSolutionNode = FALSE
	EndGlobalSection
	GlobalSection(ExtensibilityGlobals) = postSolution
		SolutionGuid = {DFEF5DE2-1355-4247-B401-EE0718BA9AB4}
	EndGlobalSection
EndGlobal
